
Microsoft Visual Studio Solution File, Format Version 12.00
# Visual Studio Version 16
VisualStudioVersion = 16.0.31019.35
MinimumVisualStudioVersion = 10.0.40219.1
Project("{FAE04EC0-301F-11D3-BF4B-00C04F79EFBC}") = "DiffingAPITask", "DiffingAPITask\DiffingAPITask.csproj", "{3944D15E-1FA8-4A44-91D3-3E48152DA76F}"
EndProject
Global
	GlobalSection(SolutionConfigurationPlatforms) = preSolution
		Debug|Any CPU = Debug|Any CPU
		Release|Any CPU = Release|Any CPU
	EndGlobalSection
	GlobalSection(ProjectConfigurationPlatforms) = postSolution
		{3944D15E-1FA8-4A44-91D3-3E48152DA76F}.Debug|Any CPU.ActiveCfg = Debug|Any CPU
		{3944D15E-1FA8-4A44-91D3-3E48152DA76F}.Debug|Any CPU.Build.0 = Debug|Any CPU
		{3944D15E-1FA8-4A44-91D3-3E48152DA76F}.Release|Any CPU.ActiveCfg = Release|Any CPU
		{3944D15E-1FA8-4A44-91D3-3E48152DA76F}.Release|Any CPU.Build.0 = Release|Any CPU
	EndGlobalSection
	GlobalSection(SolutionProperties) = preSolution
		HideSolutionNode = FALSE
	EndGlobalSection
	GlobalSection(ExtensibilityGlobals) = postSolution
		SolutionGuid = {6689365A-8BD4-415C-85A1-BCDAD5B704F8}
	EndGlobalSection
EndGlobal
